
Microsoft Visual Studio Solution File, Format Version 12.00
# Visual Studio 15
VisualStudioVersion = 15.0.28307.572
MinimumVisualStudioVersion = 10.0.40219.1
Project("{FAE04EC0-301F-11D3-BF4B-00C04F79EFBC}") = "ComicBookGallery", "ComicBookGallery\ComicBookGallery.csproj", "{62855053-BF98-48C7-B2B1-A6B567DFBEEC}"
EndProject
Global
	GlobalSection(SolutionConfigurationPlatforms) = preSolution
		Debug|Any CPU = Debug|Any CPU
		Release|Any CPU = Release|Any CPU
	EndGlobalSection
	GlobalSection(ProjectConfigurationPlatforms) = postSolution
		{62855053-BF98-48C7-B2B1-A6B567DFBEEC}.Debug|Any CPU.ActiveCfg = Debug|Any CPU
		{62855053-BF98-48C7-B2B1-A6B567DFBEEC}.Debug|Any CPU.Build.0 = Debug|Any CPU
		{62855053-BF98-48C7-B2B1-A6B567DFBEEC}.Release|Any CPU.ActiveCfg = Release|Any CPU
		{62855053-BF98-48C7-B2B1-A6B567DFBEEC}.Release|Any CPU.Build.0 = Release|Any CPU
	EndGlobalSection
	GlobalSection(SolutionProperties) = preSolution
		HideSolutionNode = FALSE
	EndGlobalSection
	GlobalSection(ExtensibilityGlobals) = postSolution
		SolutionGuid = {A7BC8FAB-D32E-4532-90CA-073D4A28DB45}
	EndGlobalSection
EndGlobal
